// !$*UTF8*$!
{
	archiveVersion = 1;
	classes = {
	};
	objectVersion = 50;
	objects = {

/* Begin PBXBuildFile section */
		CFB5CDA62355B2B900E25583 /* AppDelegate.swift in Sources */ = {isa = PBXBuildFile; fileRef = CFB5CDA52355B2B900E25583 /* AppDelegate.swift */; };
		CFB5CDA82355B2B900E25583 /* SceneDelegate.swift in Sources */ = {isa = PBXBuildFile; fileRef = CFB5CDA72355B2B900E25583 /* SceneDelegate.swift */; };
		CFB5CDAA2355B2B900E25583 /* ViewController.swift in Sources */ = {isa = PBXBuildFile; fileRef = CFB5CDA92355B2B900E25583 /* ViewController.swift */; };
		CFB5CDAD2355B2B900E25583 /* Main.storyboard in Resources */ = {isa = PBXBuildFile; fileRef = CFB5CDAB2355B2B900E25583 /* Main.storyboard */; };
		CFB5CDAF2355B2BB00E25583 /* Assets.xcassets in Resources */ = {isa = PBXBuildFile; fileRef = CFB5CDAE2355B2BB00E25583 /* Assets.xcassets */; };
		CFB5CDB22355B2BB00E25583 /* LaunchScreen.storyboard in Resources */ = {isa = PBXBuildFile; fileRef = CFB5CDB02355B2BB00E25583 /* LaunchScreen.storyboard */; };
		CFBFE4782355BC620075D968 /* WebKit.framework in Frameworks */ = {isa = PBXBuildFile; fileRef = CFBFE4772355BC620075D968 /* WebKit.framework */; };
/* End PBXBuildFile section */

/* Begin PBXFileReference section */
		CFB5CDA22355B2B900E25583 /* ScratchWV.app */ = {isa = PBXFileReference; explicitFileType = wrapper.application; includeInIndex = 0; path = ScratchWV.app; sourceTree = BUILT_PRODUCTS_DIR; };
		CFB5CDA52355B2B900E25583 /* AppDelegate.swift */ = {isa = PBXFileReference; lastKnownFileType = sourcecode.swift; path = AppDelegate.swift; sourceTree = "<group>"; };
		CFB5CDA72355B2B900E25583 /* SceneDelegate.swift */ = {isa = PBXFileReference; lastKnownFileType = sourcecode.swift; path = SceneDelegate.swift; sourceTree = "<group>"; };
		CFB5CDA92355B2B900E25583 /* ViewController.swift */ = {isa = PBXFileReference; lastKnownFileType = sourcecode.swift; path = ViewController.swift; sourceTree = "<group>"; };
		CFB5CDAC2355B2B900E25583 /* Base */ = {isa = PBXFileReference; lastKnownFileType = file.storyboard; name = Base; path = Base.lproj/Main.storyboard; sourceTree = "<group>"; };
		CFB5CDAE2355B2BB00E25583 /* Assets.xcassets */ = {isa = PBXFileReference; lastKnownFileType = folder.assetcatalog; path = Assets.xcassets; sourceTree = "<group>"; };
		CFB5CDB12355B2BB00E25583 /* Base */ = {isa = PBXFileReference; lastKnownFileType = file.storyboard; name = Base; path = Base.lproj/LaunchScreen.storyboard; sourceTree = "<group>"; };
		CFB5CDB32355B2BB00E25583 /* Info.plist */ = {isa = PBXFileReference; lastKnownFileType = text.plist.xml; path = Info.plist; sourceTree = "<group>"; };
		CFBFE4772355BC620075D968 /* WebKit.framework */ = {isa = PBXFileReference; lastKnownFileType = wrapper.framework; name = WebKit.framework; path = System/Library/Frameworks/WebKit.framework; sourceTree = SDKROOT; };
/* End PBXFileReference section */

/* Begin PBXFrameworksBuildPhase section */
		CFB5CD9F2355B2B900E25583 /* Frameworks */ = {
			isa = PBXFrameworksBuildPhase;
			buildActionMask = 2147483647;
			files = (
				CFBFE4782355BC620075D968 /* WebKit.framework in Frameworks */,
			);
			runOnlyForDeploymentPostprocessing = 0;
		};
/* End PBXFrameworksBuildPhase section */

/* Begin PBXGroup section */
		CFB5CD992355B2B900E25583 = {
			isa = PBXGroup;
			children = (
				CFB5CDA42355B2B900E25583 /* ScratchWV */,
				CFB5CDA32355B2B900E25583 /* Products */,
				CFBFE4762355BC610075D968 /* Frameworks */,
			);
			sourceTree = "<group>";
		};
		CFB5CDA32355B2B900E25583 /* Products */ = {
			isa = PBXGroup;
			children = (
				CFB5CDA22355B2B900E25583 /* ScratchWV.app */,
			);
			name = Products;
			sourceTree = "<group>";
		};
		CFB5CDA42355B2B900E25583 /* ScratchWV */ = {
			isa = PBXGroup;
			children = (
				CFB5CDA52355B2B900E25583 /* AppDelegate.swift */,
				CFB5CDA72355B2B900E25583 /* SceneDelegate.swift */,
				CFB5CDA92355B2B900E25583 /* ViewController.swift */,
				CFB5CDAB2355B2B900E25583 /* Main.storyboard */,
				CFB5CDAE2355B2BB00E25583 /* Assets.xcassets */,
				CFB5CDB02355B2BB00E25583 /* LaunchScreen.storyboard */,
				CFB5CDB32355B2BB00E25583 /* Info.plist */,
			);
			path = ScratchWV;
			sourceTree = "<group>";
		};
		CFBFE4762355BC610075D968 /* Frameworks */ = {
			isa = PBXGroup;
			children = (
				CFBFE4772355BC620075D968 /* WebKit.framework */,
			);
			name = Frameworks;
			sourceTree = "<group>";
		};
/* End PBXGroup section */

/* Begin PBXNativeTarget section */
		CFB5CDA12355B2B900E25583 /* ScratchWV */ = {
			isa = PBXNativeTarget;
			buildConfigurationList = CFB5CDB62355B2BB00E25583 /* Build configuration list for PBXNativeTarget "ScratchWV" */;
			buildPhases = (
				CFB5CD9E2355B2B900E25583 /* Sources */,
				CFB5CD9F2355B2B900E25583 /* Frameworks */,
				CFB5CDA02355B2B900E25583 /* Resources */,
			);
			buildRules = (
			);
			dependencies = (
			);
			name = ScratchWV;
			productName = ScratchWV;
			productReference = CFB5CDA22355B2B900E25583 /* ScratchWV.app */;
			productType = "com.apple.product-type.application";
		};
/* End PBXNativeTarget section */

/* Begin PBXProject section */
		CFB5CD9A2355B2B900E25583 /* Project object */ = {
			isa = PBXProject;
			attributes = {
				LastSwiftUpdateCheck = 1110;
				LastUpgradeCheck = 1110;
				ORGANIZATIONNAME = "Aleksandr Bobrov";
				TargetAttributes = {
					CFB5CDA12355B2B900E25583 = {
						CreatedOnToolsVersion = 11.1;
					};
				};
			};
			buildConfigurationList = CFB5CD9D2355B2B900E25583 /* Build configuration list for PBXProject "ScratchWV" */;
			compatibilityVersion = "Xcode 9.3";
			developmentRegion = en;
			hasScannedForEncodings = 0;
			knownRegions = (
				en,
				Base,
			);
			mainGroup = CFB5CD992355B2B900E25583;
			productRefGroup = CFB5CDA32355B2B900E25583 /* Products */;
			projectDirPath = "";
			projectRoot = "";
			targets = (
				CFB5CDA12355B2B900E25583 /* ScratchWV */,
			);
		};
/* End PBXProject section */

/* Begin PBXResourcesBuildPhase section */
		CFB5CDA02355B2B900E25583 /* Resources */ = {
			isa = PBXResourcesBuildPhase;
			buildActionMask = 2147483647;
			files = (
				CFB5CDB22355B2BB00E25583 /* LaunchScreen.storyboard in Resources */,
				CFB5CDAF2355B2BB00E25583 /* Assets.xcassets in Resources */,
				CFB5CDAD2355B2B900E25583 /* Main.storyboard in Resources */,
			);
			runOnlyForDeploymentPostprocessing = 0;
		};
/* End PBXResourcesBuildPhase section */

/* Begin PBXSourcesBuildPhase section */
		CFB5CD9E2355B2B900E25583 /* Sources */ = {
			isa = PBXSourcesBuildPhase;
			buildActionMask = 2147483647;
			files = (
				CFB5CDAA2355B2B900E25583 /* ViewController.swift in Sources */,
				CFB5CDA62355B2B900E25583 /* AppDelegate.swift in Sources */,
				CFB5CDA82355B2B900E25583 /* SceneDelegate.swift in Sources */,
			);
			runOnlyForDeploymentPostprocessing = 0;
		};
/* End PBXSourcesBuildPhase section */

/* Begin PBXVariantGroup section */
		CFB5CDAB2355B2B900E25583 /* Main.storyboard */ = {
			isa = PBXVariantGroup;
			children = (
				CFB5CDAC2355B2B900E25583 /* Base */,
			);
			name = Main.storyboard;
			sourceTree = "<group>";
		};
		CFB5CDB02355B2BB00E25583 /* LaunchScreen.storyboard */ = {
			isa = PBXVariantGroup;
			children = (
				CFB5CDB12355B2BB00E25583 /* Base */,
			);
			name = LaunchScreen.storyboard;
			sourceTree = "<group>";
		};
/* End PBXVariantGroup section */

/* Begin XCBuildConfiguration section */
		CFB5CDB42355B2BB00E25583 /* Debug */ = {
			isa = XCBuildConfiguration;
			buildSettings = {
				ALWAYS_SEARCH_USER_PATHS = NO;
				CLANG_ANALYZER_NONNULL = YES;
				CLANG_ANALYZER_NUMBER_OBJECT_CONVERSION = YES_AGGRESSIVE;
				CLANG_CXX_LANGUAGE_STANDARD = "gnu++14";
				CLANG_CXX_LIBRARY = "libc++";
				CLANG_ENABLE_MODULES = YES;
				CLANG_ENABLE_OBJC_ARC = YES;
				CLANG_ENABLE_OBJC_WEAK = YES;
				CLANG_WARN_BLOCK_CAPTURE_AUTORELEASING = YES;
				CLANG_WARN_BOOL_CONVERSION = YES;
				CLANG_WARN_COMMA = YES;
				CLANG_WARN_CONSTANT_CONVERSION = YES;
				CLANG_WARN_DEPRECATED_OBJC_IMPLEMENTATIONS = YES;
				CLANG_WARN_DIRECT_OBJC_ISA_USAGE = YES_ERROR;
				CLANG_WARN_DOCUMENTATION_COMMENTS = YES;
				CLANG_WARN_EMPTY_BODY = YES;
				CLANG_WARN_ENUM_CONVERSION = YES;
				CLANG_WARN_INFINITE_RECURSION = YES;
				CLANG_WARN_INT_CONVERSION = YES;
				CLANG_WARN_NON_LITERAL_NULL_CONVERSION = YES;
				CLANG_WARN_OBJC_IMPLICIT_RETAIN_SELF = YES;
				CLANG_WARN_OBJC_LITERAL_CONVERSION = YES;
				CLANG_WARN_OBJC_ROOT_CLASS = YES_ERROR;
				CLANG_WARN_RANGE_LOOP_ANALYSIS = YES;
				CLANG_WARN_STRICT_PROTOTYPES = YES;
				CLANG_WARN_SUSPICIOUS_MOVE = YES;
				CLANG_WARN_UNGUARDED_AVAILABILITY = YES_AGGRESSIVE;
				CLANG_WARN_UNREACHABLE_CODE = YES;
				CLANG_WARN__DUPLICATE_METHOD_MATCH = YES;
				COPY_PHASE_STRIP = NO;
				DEBUG_INFORMATION_FORMAT = dwarf;
				ENABLE_STRICT_OBJC_MSGSEND = YES;
				ENABLE_TESTABILITY = YES;
				GCC_C_LANGUAGE_STANDARD = gnu11;
				GCC_DYNAMIC_NO_PIC = NO;
				GCC_NO_COMMON_BLOCKS = YES;
				GCC_OPTIMIZATION_LEVEL = 0;
				GCC_PREPROCESSOR_DEFINITIONS = (
					"DEBUG=1",
					"$(inherited)",
				);
				GCC_WARN_64_TO_32_BIT_CONVERSION = YES;
				GCC_WARN_ABOUT_RETURN_TYPE = YES_ERROR;
				GCC_WARN_UNDECLARED_SELECTOR = YES;
				GCC_WARN_UNINITIALIZED_AUTOS = YES_AGGRESSIVE;
				GCC_WARN_UNUSED_FUNCTION = YES;
				GCC_WARN_UNUSED_VARIABLE = YES;
				IPHONEOS_DEPLOYMENT_TARGET = 12.4;
				MTL_ENABLE_DEBUG_INFO = INCLUDE_SOURCE;
				MTL_FAST_MATH = YES;
				ONLY_ACTIVE_ARCH = YES;
				SDKROOT = iphoneos;
				SWIFT_ACTIVE_COMPILATION_CONDITIONS = DEBUG;
				SWIFT_OPTIMIZATION_LEVEL = "-Onone";
			};
			name = Debug;
		};
		CFB5CDB52355B2BB00E25583 /* Release */ = {
			isa = XCBuildConfiguration;
			buildSettings = {
				ALWAYS_SEARCH_USER_PATHS = NO;
				CLANG_ANALYZER_NONNULL = YES;
				CLANG_ANALYZER_NUMBER_OBJECT_CONVERSION = YES_AGGRESSIVE;
				CLANG_CXX_LANGUAGE_STANDARD = "gnu++14";
				CLANG_CXX_LIBRARY = "libc++";
				CLANG_ENABLE_MODULES = YES;
				CLANG_ENABLE_OBJC_ARC = YES;
				CLANG_ENABLE_OBJC_WEAK = YES;
				CLANG_WARN_BLOCK_CAPTURE_AUTORELEASING = YES;
				CLANG_WARN_BOOL_CONVERSION = YES;
				CLANG_WARN_COMMA = YES;
				CLANG_WARN_CONSTANT_CONVERSION = YES;
				CLANG_WARN_DEPRECATED_OBJC_IMPLEMENTATIONS = YES;
				CLANG_WARN_DIRECT_OBJC_ISA_USAGE = YES_ERROR;
				CLANG_WARN_DOCUMENTATION_COMMENTS = YES;
				CLANG_WARN_EMPTY_BODY = YES;
				CLANG_WARN_ENUM_CONVERSION = YES;
				CLANG_WARN_INFINITE_RECURSION = YES;
				CLANG_WARN_INT_CONVERSION = YES;
				CLANG_WARN_NON_LITERAL_NULL_CONVERSION = YES;
				CLANG_WARN_OBJC_IMPLICIT_RETAIN_SELF = YES;
				CLANG_WARN_OBJC_LITERAL_CONVERSION = YES;
				CLANG_WARN_OBJC_ROOT_CLASS = YES_ERROR;
				CLANG_WARN_RANGE_LOOP_ANALYSIS = YES;
				CLANG_WARN_STRICT_PROTOTYPES = YES;
				CLANG_WARN_SUSPICIOUS_MOVE = YES;
				CLANG_WARN_UNGUARDED_AVAILABILITY = YES_AGGRESSIVE;
				CLANG_WARN_UNREACHABLE_CODE = YES;
				CLANG_WARN__DUPLICATE_METHOD_MATCH = YES;
				COPY_PHASE_STRIP = NO;
				DEBUG_INFORMATION_FORMAT = "dwarf-with-dsym";
				ENABLE_NS_ASSERTIONS = NO;
				ENABLE_STRICT_OBJC_MSGSEND = YES;
				GCC_C_LANGUAGE_STANDARD = gnu11;
				GCC_NO_COMMON_BLOCKS = YES;
				GCC_WARN_64_TO_32_BIT_CONVERSION = YES;
				GCC_WARN_ABOUT_RETURN_TYPE = YES_ERROR;
				GCC_WARN_UNDECLARED_SELECTOR = YES;
				GCC_WARN_UNINITIALIZED_AUTOS = YES_AGGRESSIVE;
				GCC_WARN_UNUSED_FUNCTION = YES;
				GCC_WARN_UNUSED_VARIABLE = YES;
				IPHONEOS_DEPLOYMENT_TARGET = 12.4;
				MTL_ENABLE_DEBUG_INFO = NO;
				MTL_FAST_MATH = YES;
				SDKROOT = iphoneos;
				SWIFT_COMPILATION_MODE = wholemodule;
				SWIFT_OPTIMIZATION_LEVEL = "-O";
				VALIDATE_PRODUCT = YES;
			};
			name = Release;
		};
		CFB5CDB72355B2BB00E25583 /* Debug */ = {
			isa = XCBuildConfiguration;
			buildSettings = {
				ASSETCATALOG_COMPILER_APPICON_NAME = AppIcon;
				CODE_SIGN_STYLE = Automatic;
				DEVELOPMENT_TEAM = 8HR3ZJZ5MZ;
				INFOPLIST_FILE = ScratchWV/Info.plist;
				LD_RUNPATH_SEARCH_PATHS = (
					"$(inherited)",
					"@executable_path/Frameworks",
				);
				PRODUCT_BUNDLE_IDENTIFIER = co.itbeaver.ScratchWV;
				PRODUCT_NAME = "$(TARGET_NAME)";
				SWIFT_VERSION = 5.0;
				TARGETED_DEVICE_FAMILY = "1,2";
			};
			name = Debug;
		};
		CFB5CDB82355B2BB00E25583 /* Release */ = {
			isa = XCBuildConfiguration;
			buildSettings = {
				ASSETCATALOG_COMPILER_APPICON_NAME = AppIcon;
				CODE_SIGN_STYLE = Automatic;
				DEVELOPMENT_TEAM = 8HR3ZJZ5MZ;
				INFOPLIST_FILE = ScratchWV/Info.plist;
				LD_RUNPATH_SEARCH_PATHS = (
					"$(inherited)",
					"@executable_path/Frameworks",
				);
				PRODUCT_BUNDLE_IDENTIFIER = co.itbeaver.ScratchWV;
				PRODUCT_NAME = "$(TARGET_NAME)";
				SWIFT_VERSION = 5.0;
				TARGETED_DEVICE_FAMILY = "1,2";
			};
			name = Release;
		};
/* End XCBuildConfiguration section */

/* Begin XCConfigurationList section */
		CFB5CD9D2355B2B900E25583 /* Build configuration list for PBXProject "ScratchWV" */ = {
			isa = XCConfigurationList;
			buildConfigurations = (
				CFB5CDB42355B2BB00E25583 /* Debug */,
				CFB5CDB52355B2BB00E25583 /* Release */,
			);
			defaultConfigurationIsVisible = 0;
			defaultConfigurationName = Release;
		};
		CFB5CDB62355B2BB00E25583 /* Build configuration list for PBXNativeTarget "ScratchWV" */ = {
			isa = XCConfigurationList;
			buildConfigurations = (
				CFB5CDB72355B2BB00E25583 /* Debug */,
				CFB5CDB82355B2BB00E25583 /* Release */,
			);
			defaultConfigurationIsVisible = 0;
			defaultConfigurationName = Release;
		};
/* End XCConfigurationList section */
	};
	rootObject = CFB5CD9A2355B2B900E25583 /* Project object */;
}
